[0m[1mmodule.network.data.aws_vpc.default: Reading...[0m[0m
[0m[1mmodule.ecr.aws_s3_bucket.artifacts: Refreshing state... [id=nickelth-mlops-artifacts][0m
[0m[1mmodule.ecr.data.aws_iam_policy_document.bucket_policy: Reading...[0m[0m
[0m[1mmodule.ecr.data.aws_iam_policy_document.bucket_policy: Read complete after 0s [id=4225914290][0m
[0m[1mmodule.network.data.aws_vpc.default: Read complete after 0s [id=<vpc-id>][0m
[0m[1mmodule.network.data.aws_subnets.default: Reading...[0m[0m
[0m[1mmodule.network.data.aws_subnets.default: Read complete after 0s [id=us-west-2][0m

Terraform used the selected providers to generate the following execution
plan. Resource actions are indicated with the following symbols:
  [32m+[0m create[0m
 [36m<=[0m read (data resources)[0m

Terraform will perform the following actions:

[1m  # module.ecr.aws_s3_bucket_policy.artifacts[0m will be created
[0m  [32m+[0m[0m resource "aws_s3_bucket_policy" "artifacts" {
      [32m+[0m[0m bucket = "nickelth-mlops-artifacts"
      [32m+[0m[0m id     = (known after apply)
      [32m+[0m[0m policy = jsonencode(
            {
              [32m+[0m[0m Statement = [
                  [32m+[0m[0m {
                      [32m+[0m[0m Action    = "s3:*"
                      [32m+[0m[0m Condition = {
                          [32m+[0m[0m Bool = {
                              [32m+[0m[0m "aws:SecureTransport" = "false"
                            }
                        }
                      [32m+[0m[0m Effect    = "Deny"
                      [32m+[0m[0m Principal = "*"
                      [32m+[0m[0m Resource  = [
                          [32m+[0m[0m "arn:aws:s3:::nickelth-mlops-artifacts/*",
                          [32m+[0m[0m "arn:aws:s3:::nickelth-mlops-artifacts",
                        ]
                      [32m+[0m[0m Sid       = "HttpsOnly"
                    },
                ]
              [32m+[0m[0m Version   = "2012-10-17"
            }
        )
    }

[1m  # module.ecr.aws_s3_bucket_public_access_block.artifacts[0m will be created
[0m  [32m+[0m[0m resource "aws_s3_bucket_public_access_block" "artifacts" {
      [32m+[0m[0m block_public_acls       = true
      [32m+[0m[0m block_public_policy     = true
      [32m+[0m[0m bucket                  = "nickelth-mlops-artifacts"
      [32m+[0m[0m id                      = (known after apply)
      [32m+[0m[0m ignore_public_acls      = true
      [32m+[0m[0m restrict_public_buckets = true
    }

[1m  # module.ecr.aws_s3_bucket_server_side_encryption_configuration.artifacts[0m will be created
[0m  [32m+[0m[0m resource "aws_s3_bucket_server_side_encryption_configuration" "artifacts" {
      [32m+[0m[0m bucket = "nickelth-mlops-artifacts"
      [32m+[0m[0m id     = (known after apply)

      [32m+[0m[0m rule {
          [32m+[0m[0m apply_server_side_encryption_by_default {
              [32m+[0m[0m sse_algorithm     = "AES256"
                [90m# (1 unchanged attribute hidden)[0m[0m
            }
        }
    }

[1m  # module.ecr.aws_s3_bucket_versioning.artifacts[0m will be created
[0m  [32m+[0m[0m resource "aws_s3_bucket_versioning" "artifacts" {
      [32m+[0m[0m bucket = "nickelth-mlops-artifacts"
      [32m+[0m[0m id     = (known after apply)

      [32m+[0m[0m versioning_configuration {
          [32m+[0m[0m mfa_delete = (known after apply)
          [32m+[0m[0m status     = "Enabled"
        }
    }

[1m  # module.network.data.aws_cloudwatch_log_group.api[0m will be read during apply
  # (depends on a resource or a module with changes pending)
[0m [36m<=[0m[0m data "aws_cloudwatch_log_group" "api" {
      [32m+[0m[0m arn               = (known after apply)
      [32m+[0m[0m creation_time     = (known after apply)
      [32m+[0m[0m id                = (known after apply)
      [32m+[0m[0m kms_key_id        = (known after apply)
      [32m+[0m[0m log_group_class   = (known after apply)
      [32m+[0m[0m name              = "/mlops/api"
      [32m+[0m[0m retention_in_days = (known after apply)
      [32m+[0m[0m tags              = (known after apply)
    }

[1m  # module.network.data.aws_lb.api[0m will be read during apply
  # (depends on a resource or a module with changes pending)
[0m [36m<=[0m[0m data "aws_lb" "api" {
      [32m+[0m[0m access_logs                                                  = (known after apply)
      [32m+[0m[0m arn                                                          = (known after apply)
      [32m+[0m[0m arn_suffix                                                   = (known after apply)
      [32m+[0m[0m client_keep_alive                                            = (known after apply)
      [32m+[0m[0m connection_logs                                              = (known after apply)
      [32m+[0m[0m customer_owned_ipv4_pool                                     = (known after apply)
      [32m+[0m[0m desync_mitigation_mode                                       = (known after apply)
      [32m+[0m[0m dns_name                                                     = (known after apply)
      [32m+[0m[0m dns_record_client_routing_policy                             = (known after apply)
      [32m+[0m[0m drop_invalid_header_fields                                   = (known after apply)
      [32m+[0m[0m enable_cross_zone_load_balancing                             = (known after apply)
      [32m+[0m[0m enable_deletion_protection                                   = (known after apply)
      [32m+[0m[0m enable_http2                                                 = (known after apply)
      [32m+[0m[0m enable_tls_version_and_cipher_suite_headers                  = (known after apply)
      [32m+[0m[0m enable_waf_fail_open                                         = (known after apply)
      [32m+[0m[0m enable_xff_client_port                                       = (known after apply)
      [32m+[0m[0m enable_zonal_shift                                           = (known after apply)
      [32m+[0m[0m enforce_security_group_inbound_rules_on_private_link_traffic = (known after apply)
      [32m+[0m[0m id                                                           = (known after apply)
      [32m+[0m[0m idle_timeout                                                 = (known after apply)
      [32m+[0m[0m internal                                                     = (known after apply)
      [32m+[0m[0m ip_address_type                                              = (known after apply)
      [32m+[0m[0m ipam_pools                                                   = (known after apply)
      [32m+[0m[0m load_balancer_type                                           = (known after apply)
      [32m+[0m[0m name                                                         = "mlops-api-alb"
      [32m+[0m[0m preserve_host_header                                         = (known after apply)
      [32m+[0m[0m security_groups                                              = (known after apply)
      [32m+[0m[0m subnet_mapping                                               = (known after apply)
      [32m+[0m[0m subnets                                                      = (known after apply)
      [32m+[0m[0m tags                                                         = (known after apply)
      [32m+[0m[0m vpc_id                                                       = (known after apply)
      [32m+[0m[0m xff_header_processing_mode                                   = (known after apply)
      [32m+[0m[0m zone_id                                                      = (known after apply)
    }

[1m  # module.network.data.aws_lb_target_group.api[0m will be read during apply
  # (config refers to values not yet known)
[0m [36m<=[0m[0m data "aws_lb_target_group" "api" {
      [32m+[0m[0m arn                                = (known after apply)
      [32m+[0m[0m arn_suffix                         = (known after apply)
      [32m+[0m[0m connection_termination             = (known after apply)
      [32m+[0m[0m deregistration_delay               = (known after apply)
      [32m+[0m[0m health_check                       = (known after apply)
      [32m+[0m[0m id                                 = (known after apply)
      [32m+[0m[0m lambda_multi_value_headers_enabled = (known after apply)
      [32m+[0m[0m load_balancer_arns                 = (known after apply)
      [32m+[0m[0m load_balancing_algorithm_type      = (known after apply)
      [32m+[0m[0m load_balancing_anomaly_mitigation  = (known after apply)
      [32m+[0m[0m load_balancing_cross_zone_enabled  = (known after apply)
      [32m+[0m[0m name                               = (known after apply)
      [32m+[0m[0m port                               = (known after apply)
      [32m+[0m[0m preserve_client_ip                 = (known after apply)
      [32m+[0m[0m protocol                           = (known after apply)
      [32m+[0m[0m protocol_version                   = (known after apply)
      [32m+[0m[0m proxy_protocol_v2                  = (known after apply)
      [32m+[0m[0m slow_start                         = (known after apply)
      [32m+[0m[0m stickiness                         = (known after apply)
      [32m+[0m[0m tags                               = (known after apply)
      [32m+[0m[0m target_type                        = (known after apply)
      [32m+[0m[0m vpc_id                             = (known after apply)
    }

[1m  # module.network.data.aws_security_group.alb[0m will be read during apply
  # (config refers to values not yet known)
[0m [36m<=[0m[0m data "aws_security_group" "alb" {
      [32m+[0m[0m arn         = (known after apply)
      [32m+[0m[0m description = (known after apply)
      [32m+[0m[0m id          = (known after apply)
      [32m+[0m[0m name        = (known after apply)
      [32m+[0m[0m tags        = (known after apply)
      [32m+[0m[0m vpc_id      = (known after apply)
    }

[1m  # module.network.data.aws_security_group.tasks[0m will be read during apply
  # (config refers to values not yet known)
[0m [36m<=[0m[0m data "aws_security_group" "tasks" {
      [32m+[0m[0m arn         = (known after apply)
      [32m+[0m[0m description = (known after apply)
      [32m+[0m[0m id          = (known after apply)
      [32m+[0m[0m name        = (known after apply)
      [32m+[0m[0m tags        = (known after apply)
      [32m+[0m[0m vpc_id      = (known after apply)
    }

[1m  # module.network.aws_cloudwatch_log_group.api[0m will be created
[0m  [32m+[0m[0m resource "aws_cloudwatch_log_group" "api" {
      [32m+[0m[0m arn               = (known after apply)
      [32m+[0m[0m id                = (known after apply)
      [32m+[0m[0m log_group_class   = (known after apply)
      [32m+[0m[0m name              = "/mlops/api"
      [32m+[0m[0m name_prefix       = (known after apply)
      [32m+[0m[0m retention_in_days = 14
      [32m+[0m[0m skip_destroy      = false
      [32m+[0m[0m tags_all          = {
          [32m+[0m[0m "Env"     = "dev"
          [32m+[0m[0m "Managed" = "terraform"
          [32m+[0m[0m "Project" = "mlops-sklearn-portfolio"
        }
    }

[1m  # module.network.aws_lb.api[0m will be created
[0m  [32m+[0m[0m resource "aws_lb" "api" {
      [32m+[0m[0m arn                                                          = (known after apply)
      [32m+[0m[0m arn_suffix                                                   = (known after apply)
      [32m+[0m[0m client_keep_alive                                            = 3600
      [32m+[0m[0m desync_mitigation_mode                                       = "defensive"
      [32m+[0m[0m dns_name                                                     = (known after apply)
      [32m+[0m[0m drop_invalid_header_fields                                   = false
      [32m+[0m[0m enable_deletion_protection                                   = false
      [32m+[0m[0m enable_http2                                                 = true
      [32m+[0m[0m enable_tls_version_and_cipher_suite_headers                  = false
      [32m+[0m[0m enable_waf_fail_open                                         = false
      [32m+[0m[0m enable_xff_client_port                                       = false
      [32m+[0m[0m enable_zonal_shift                                           = false
      [32m+[0m[0m enforce_security_group_inbound_rules_on_private_link_traffic = (known after apply)
      [32m+[0m[0m id                                                           = (known after apply)
      [32m+[0m[0m idle_timeout                                                 = 60
      [32m+[0m[0m internal                                                     = false
      [32m+[0m[0m ip_address_type                                              = (known after apply)
      [32m+[0m[0m load_balancer_type                                           = "application"
      [32m+[0m[0m name                                                         = "mlops-api-alb"
      [32m+[0m[0m name_prefix                                                  = (known after apply)
      [32m+[0m[0m preserve_host_header                                         = false
      [32m+[0m[0m security_groups                                              = (known after apply)
      [32m+[0m[0m subnets                                                      = [
          [32m+[0m[0m "<subnet-id>",
          [32m+[0m[0m "<subnet-id>",
          [32m+[0m[0m "<subnet-id>",
          [32m+[0m[0m "<subnet-id>",
        ]
      [32m+[0m[0m tags                                                         = {
          [32m+[0m[0m "Project" = "mlops-sklearn-portfolio"
        }
      [32m+[0m[0m tags_all                                                     = {
          [32m+[0m[0m "Env"     = "dev"
          [32m+[0m[0m "Managed" = "terraform"
          [32m+[0m[0m "Project" = "mlops-sklearn-portfolio"
        }
      [32m+[0m[0m vpc_id                                                       = (known after apply)
      [32m+[0m[0m xff_header_processing_mode                                   = "append"
      [32m+[0m[0m zone_id                                                      = (known after apply)

      [32m+[0m[0m subnet_mapping (known after apply)
    }

[1m  # module.network.aws_lb_listener.http[0m will be created
[0m  [32m+[0m[0m resource "aws_lb_listener" "http" {
      [32m+[0m[0m arn                                                                   = (known after apply)
      [32m+[0m[0m id                                                                    = (known after apply)
      [32m+[0m[0m load_balancer_arn                                                     = (known after apply)
      [32m+[0m[0m port                                                                  = 80
      [32m+[0m[0m protocol                                                              = "HTTP"
      [32m+[0m[0m routing_http_request_x_amzn_mtls_clientcert_header_name               = (known after apply)
      [32m+[0m[0m routing_http_request_x_amzn_mtls_clientcert_issuer_header_name        = (known after apply)
      [32m+[0m[0m routing_http_request_x_amzn_mtls_clientcert_leaf_header_name          = (known after apply)
      [32m+[0m[0m routing_http_request_x_amzn_mtls_clientcert_serial_number_header_name = (known after apply)
      [32m+[0m[0m routing_http_request_x_amzn_mtls_clientcert_subject_header_name       = (known after apply)
      [32m+[0m[0m routing_http_request_x_amzn_mtls_clientcert_validity_header_name      = (known after apply)
      [32m+[0m[0m routing_http_request_x_amzn_tls_cipher_suite_header_name              = (known after apply)
      [32m+[0m[0m routing_http_request_x_amzn_tls_version_header_name                   = (known after apply)
      [32m+[0m[0m routing_http_response_access_control_allow_credentials_header_value   = (known after apply)
      [32m+[0m[0m routing_http_response_access_control_allow_headers_header_value       = (known after apply)
      [32m+[0m[0m routing_http_response_access_control_allow_methods_header_value       = (known after apply)
      [32m+[0m[0m routing_http_response_access_control_allow_origin_header_value        = (known after apply)
      [32m+[0m[0m routing_http_response_access_control_expose_headers_header_value      = (known after apply)
      [32m+[0m[0m routing_http_response_access_control_max_age_header_value             = (known after apply)
      [32m+[0m[0m routing_http_response_content_security_policy_header_value            = (known after apply)
      [32m+[0m[0m routing_http_response_server_enabled                                  = (known after apply)
      [32m+[0m[0m routing_http_response_strict_transport_security_header_value          = (known after apply)
      [32m+[0m[0m routing_http_response_x_content_type_options_header_value             = (known after apply)
      [32m+[0m[0m routing_http_response_x_frame_options_header_value                    = (known after apply)
      [32m+[0m[0m ssl_policy                                                            = (known after apply)
      [32m+[0m[0m tags_all                                                              = {
          [32m+[0m[0m "Env"     = "dev"
          [32m+[0m[0m "Managed" = "terraform"
          [32m+[0m[0m "Project" = "mlops-sklearn-portfolio"
        }
      [32m+[0m[0m tcp_idle_timeout_seconds                                              = (known after apply)

      [32m+[0m[0m default_action {
          [32m+[0m[0m order            = (known after apply)
          [32m+[0m[0m target_group_arn = (known after apply)
          [32m+[0m[0m type             = "forward"
        }

      [32m+[0m[0m mutual_authentication (known after apply)
    }

[1m  # module.network.aws_lb_target_group.api[0m will be created
[0m  [32m+[0m[0m resource "aws_lb_target_group" "api" {
      [32m+[0m[0m arn                                = (known after apply)
      [32m+[0m[0m arn_suffix                         = (known after apply)
      [32m+[0m[0m connection_termination             = (known after apply)
      [32m+[0m[0m deregistration_delay               = "300"
      [32m+[0m[0m id                                 = (known after apply)
      [32m+[0m[0m ip_address_type                    = (known after apply)
      [32m+[0m[0m lambda_multi_value_headers_enabled = false
      [32m+[0m[0m load_balancer_arns                 = (known after apply)
      [32m+[0m[0m load_balancing_algorithm_type      = (known after apply)
      [32m+[0m[0m load_balancing_anomaly_mitigation  = (known after apply)
      [32m+[0m[0m load_balancing_cross_zone_enabled  = (known after apply)
      [32m+[0m[0m name                               = "mlops-api-tg"
      [32m+[0m[0m name_prefix                        = (known after apply)
      [32m+[0m[0m port                               = 8000
      [32m+[0m[0m preserve_client_ip                 = (known after apply)
      [32m+[0m[0m protocol                           = "HTTP"
      [32m+[0m[0m protocol_version                   = (known after apply)
      [32m+[0m[0m proxy_protocol_v2                  = false
      [32m+[0m[0m slow_start                         = 0
      [32m+[0m[0m tags                               = {
          [32m+[0m[0m "Project" = "mlops-sklearn-portfolio"
        }
      [32m+[0m[0m tags_all                           = {
          [32m+[0m[0m "Env"     = "dev"
          [32m+[0m[0m "Managed" = "terraform"
          [32m+[0m[0m "Project" = "mlops-sklearn-portfolio"
        }
      [32m+[0m[0m target_type                        = "ip"
      [32m+[0m[0m vpc_id                             = "<vpc-id>"

      [32m+[0m[0m health_check {
          [32m+[0m[0m enabled             = true
          [32m+[0m[0m healthy_threshold   = 2
          [32m+[0m[0m interval            = 30
          [32m+[0m[0m matcher             = "200-399"
          [32m+[0m[0m path                = "/health"
          [32m+[0m[0m port                = "traffic-port"
          [32m+[0m[0m protocol            = "HTTP"
          [32m+[0m[0m timeout             = 5
          [32m+[0m[0m unhealthy_threshold = 2
        }

      [32m+[0m[0m stickiness (known after apply)

      [32m+[0m[0m target_failover (known after apply)

      [32m+[0m[0m target_group_health (known after apply)

      [32m+[0m[0m target_health_state (known after apply)
    }

[1m  # module.network.aws_security_group.alb[0m will be created
[0m  [32m+[0m[0m resource "aws_security_group" "alb" {
      [32m+[0m[0m arn                    = (known after apply)
      [32m+[0m[0m description            = "ALB inbound 80/443"
      [32m+[0m[0m egress                 = [
          [32m+[0m[0m {
              [32m+[0m[0m cidr_blocks      = [
                  [32m+[0m[0m "0.0.0.x/0",
                ]
              [32m+[0m[0m from_port        = 0
              [32m+[0m[0m ipv6_cidr_blocks = []
              [32m+[0m[0m prefix_list_ids  = []
              [32m+[0m[0m protocol         = "-1"
              [32m+[0m[0m security_groups  = []
              [32m+[0m[0m self             = false
              [32m+[0m[0m to_port          = 0
                [90m# (1 unchanged attribute hidden)[0m[0m
            },
        ]
      [32m+[0m[0m id                     = (known after apply)
      [32m+[0m[0m ingress                = [
          [32m+[0m[0m {
              [32m+[0m[0m cidr_blocks      = [
                  [32m+[0m[0m "0.0.0.x/0",
                ]
              [32m+[0m[0m from_port        = 443
              [32m+[0m[0m ipv6_cidr_blocks = []
              [32m+[0m[0m prefix_list_ids  = []
              [32m+[0m[0m protocol         = "tcp"
              [32m+[0m[0m security_groups  = []
              [32m+[0m[0m self             = false
              [32m+[0m[0m to_port          = 443
                [90m# (1 unchanged attribute hidden)[0m[0m
            },
          [32m+[0m[0m {
              [32m+[0m[0m cidr_blocks      = [
                  [32m+[0m[0m "0.0.0.x/0",
                ]
              [32m+[0m[0m from_port        = 80
              [32m+[0m[0m ipv6_cidr_blocks = []
              [32m+[0m[0m prefix_list_ids  = []
              [32m+[0m[0m protocol         = "tcp"
              [32m+[0m[0m security_groups  = []
              [32m+[0m[0m self             = false
              [32m+[0m[0m to_port          = 80
                [90m# (1 unchanged attribute hidden)[0m[0m
            },
        ]
      [32m+[0m[0m name                   = "mlops-alb-sg"
      [32m+[0m[0m name_prefix            = (known after apply)
      [32m+[0m[0m owner_id               = (known after apply)
      [32m+[0m[0m revoke_rules_on_delete = false
      [32m+[0m[0m tags                   = {
          [32m+[0m[0m "Project" = "mlops-sklearn-portfolio"
        }
      [32m+[0m[0m tags_all               = {
          [32m+[0m[0m "Env"     = "dev"
          [32m+[0m[0m "Managed" = "terraform"
          [32m+[0m[0m "Project" = "mlops-sklearn-portfolio"
        }
      [32m+[0m[0m vpc_id                 = "<vpc-id>"
    }

[1m  # module.network.aws_security_group.tasks[0m will be created
[0m  [32m+[0m[0m resource "aws_security_group" "tasks" {
      [32m+[0m[0m arn                    = (known after apply)
      [32m+[0m[0m description            = "ECS tasks egress only"
      [32m+[0m[0m egress                 = [
          [32m+[0m[0m {
              [32m+[0m[0m cidr_blocks      = [
                  [32m+[0m[0m "0.0.0.x/0",
                ]
              [32m+[0m[0m from_port        = 0
              [32m+[0m[0m ipv6_cidr_blocks = []
              [32m+[0m[0m prefix_list_ids  = []
              [32m+[0m[0m protocol         = "-1"
              [32m+[0m[0m security_groups  = []
              [32m+[0m[0m self             = false
              [32m+[0m[0m to_port          = 0
                [90m# (1 unchanged attribute hidden)[0m[0m
            },
        ]
      [32m+[0m[0m id                     = (known after apply)
      [32m+[0m[0m ingress                = (known after apply)
      [32m+[0m[0m name                   = "mlops-ecs-sg"
      [32m+[0m[0m name_prefix            = (known after apply)
      [32m+[0m[0m owner_id               = (known after apply)
      [32m+[0m[0m revoke_rules_on_delete = false
      [32m+[0m[0m tags                   = {
          [32m+[0m[0m "Project" = "mlops-sklearn-portfolio"
        }
      [32m+[0m[0m tags_all               = {
          [32m+[0m[0m "Env"     = "dev"
          [32m+[0m[0m "Managed" = "terraform"
          [32m+[0m[0m "Project" = "mlops-sklearn-portfolio"
        }
      [32m+[0m[0m vpc_id                 = "<vpc-id>"
    }

[1m  # module.network.aws_security_group_rule.alb_to_tasks_8000[0m will be created
[0m  [32m+[0m[0m resource "aws_security_group_rule" "alb_to_tasks_8000" {
      [32m+[0m[0m from_port                = 8000
      [32m+[0m[0m id                       = (known after apply)
      [32m+[0m[0m protocol                 = "tcp"
      [32m+[0m[0m security_group_id        = (known after apply)
      [32m+[0m[0m security_group_rule_id   = (known after apply)
      [32m+[0m[0m self                     = false
      [32m+[0m[0m source_security_group_id = (known after apply)
      [32m+[0m[0m to_port                  = 8000
      [32m+[0m[0m type                     = "ingress"
    }

[1mPlan:[0m 11 to add, 0 to change, 0 to destroy.
[0m
Changes to Outputs:
  [33m~[0m[0m alb_arn                 = "arn:aws:elasticloadbalancing:us-west-2:<ACCOUNT_ID>:loadbalancer/app/mlops-api-alb/2108295255369a54" -> (known after apply)
  [32m+[0m[0m alb_dns                 = (known after apply)
  [33m~[0m[0m alb_dns_name            = "<ALB_DNS>" -> (known after apply)
  [32m+[0m[0m alb_security_group_id   = (known after apply)
  [33m~[0m[0m bucket_name             = "yes" [33m->[0m[0m "nickelth-mlops-artifacts"
  [32m+[0m[0m tasks_security_group_id = (known after apply)
  [33m~[0m[0m tg_arn                  = "arn:aws:elasticloadbalancing:us-west-2:<ACCOUNT_ID>:targetgroup/mlops-api-tg/312f527296c51177" -> (known after apply)
[0m[1mmodule.network.aws_lb_target_group.api: Creating...[0m[0m
[0m[1mmodule.network.aws_security_group.alb: Creating...[0m[0m
[0m[1mmodule.network.aws_security_group.tasks: Creating...[0m[0m
[0m[1mmodule.ecr.aws_s3_bucket_public_access_block.artifacts: Creating...[0m[0m
[0m[1mmodule.network.aws_cloudwatch_log_group.api: Creating...[0m[0m
[0m[1mmodule.ecr.aws_s3_bucket_policy.artifacts: Creating...[0m[0m
[0m[1mmodule.ecr.aws_s3_bucket_server_side_encryption_configuration.artifacts: Creating...[0m[0m
[0m[1mmodule.ecr.aws_s3_bucket_versioning.artifacts: Creating...[0m[0m
[0m[1mmodule.network.aws_cloudwatch_log_group.api: Creation complete after 1s [id=/mlops/api][0m
[0m[1mmodule.network.data.aws_cloudwatch_log_group.api: Reading...[0m[0m
[0m[1mmodule.network.data.aws_cloudwatch_log_group.api: Read complete after 0s [id=/mlops/api][0m
[0m[1mmodule.ecr.aws_s3_bucket_policy.artifacts: Creation complete after 1s [id=nickelth-mlops-artifacts][0m
[0m[1mmodule.network.aws_lb_target_group.api: Creation complete after 1s [id=arn:aws:elasticloadbalancing:us-west-2:<ACCOUNT_ID>:targetgroup/mlops-api-tg/4eecab19de56b011][0m
[0m[1mmodule.network.data.aws_lb_target_group.api: Reading...[0m[0m
[0m[1mmodule.ecr.aws_s3_bucket_public_access_block.artifacts: Creation complete after 1s [id=nickelth-mlops-artifacts][0m
[0m[1mmodule.network.data.aws_lb_target_group.api: Read complete after 0s [id=arn:aws:elasticloadbalancing:us-west-2:<ACCOUNT_ID>:targetgroup/mlops-api-tg/4eecab19de56b011][0m
[0m[1mmodule.ecr.aws_s3_bucket_server_side_encryption_configuration.artifacts: Creation complete after 0s [id=nickelth-mlops-artifacts][0m
[0m[1mmodule.ecr.aws_s3_bucket_versioning.artifacts: Creation complete after 1s [id=nickelth-mlops-artifacts][0m
[0m[1mmodule.network.aws_security_group.tasks: Creation complete after 2s [id=<sg-id>][0m
[0m[1mmodule.network.data.aws_security_group.tasks: Reading...[0m[0m
[0m[1mmodule.network.data.aws_security_group.tasks: Read complete after 1s [id=<sg-id>][0m
[0m[1mmodule.network.aws_security_group.alb: Creation complete after 3s [id=<sg-id>][0m
[0m[1mmodule.network.data.aws_security_group.alb: Reading...[0m[0m
[0m[1mmodule.network.aws_security_group_rule.alb_to_tasks_8000: Creating...[0m[0m
[0m[1mmodule.network.aws_lb.api: Creating...[0m[0m
[0m[1mmodule.network.data.aws_security_group.alb: Read complete after 0s [id=<sg-id>][0m
[0m[1mmodule.network.aws_security_group_rule.alb_to_tasks_8000: Creation complete after 0s [id=sgrule-1815184618][0m
[0m[1mmodule.network.aws_lb.api: Still creating... [00m10s elapsed][0m[0m
[0m[1mmodule.network.aws_lb.api: Still creating... [00m20s elapsed][0m[0m
[0m[1mmodule.network.aws_lb.api: Still creating... [00m30s elapsed][0m[0m
[0m[1mmodule.network.aws_lb.api: Still creating... [00m40s elapsed][0m[0m
[0m[1mmodule.network.aws_lb.api: Still creating... [00m50s elapsed][0m[0m
[0m[1mmodule.network.aws_lb.api: Still creating... [01m00s elapsed][0m[0m
[0m[1mmodule.network.aws_lb.api: Still creating... [01m10s elapsed][0m[0m
[0m[1mmodule.network.aws_lb.api: Still creating... [01m20s elapsed][0m[0m
[0m[1mmodule.network.aws_lb.api: Still creating... [01m30s elapsed][0m[0m
[0m[1mmodule.network.aws_lb.api: Still creating... [01m40s elapsed][0m[0m
[0m[1mmodule.network.aws_lb.api: Still creating... [01m50s elapsed][0m[0m
[0m[1mmodule.network.aws_lb.api: Still creating... [02m00s elapsed][0m[0m
[0m[1mmodule.network.aws_lb.api: Still creating... [02m10s elapsed][0m[0m
[0m[1mmodule.network.aws_lb.api: Still creating... [02m20s elapsed][0m[0m
[0m[1mmodule.network.aws_lb.api: Still creating... [02m30s elapsed][0m[0m
[0m[1mmodule.network.aws_lb.api: Still creating... [02m40s elapsed][0m[0m
[0m[1mmodule.network.aws_lb.api: Still creating... [02m50s elapsed][0m[0m
[0m[1mmodule.network.aws_lb.api: Creation complete after 2m51s [id=arn:aws:elasticloadbalancing:us-west-2:<ACCOUNT_ID>:loadbalancer/app/mlops-api-alb/e48922b94a04da84][0m
[0m[1mmodule.network.data.aws_lb.api: Reading...[0m[0m
[0m[1mmodule.network.aws_lb_listener.http: Creating...[0m[0m
[0m[1mmodule.network.data.aws_lb.api: Read complete after 0s [id=arn:aws:elasticloadbalancing:us-west-2:<ACCOUNT_ID>:loadbalancer/app/mlops-api-alb/e48922b94a04da84][0m
[0m[1mmodule.network.aws_lb_listener.http: Creation complete after 0s [id=arn:aws:elasticloadbalancing:us-west-2:<ACCOUNT_ID>:listener/app/mlops-api-alb/e48922b94a04da84/46e5ef01ac82fec4][0m
[33m╷[0m[0m
[33m│[0m [0m[1m[33mWarning: [0m[0m[1mResource targeting is in effect[0m
[33m│[0m [0m
[33m│[0m [0m[0mYou are creating a plan with the -target option, which means that the result of this plan may not represent all of the changes requested by the current configuration.
[33m│[0m [0m
[33m│[0m [0mThe -target option is not for routine use, and is provided only for exceptional situations such as recovering from errors or mistakes, or when Terraform specifically suggests to use it as part of an error message.
[33m╵[0m[0m
[33m╷[0m[0m
[33m│[0m [0m[1m[33mWarning: [0m[0m[1mApplied changes may be incomplete[0m
[33m│[0m [0m
[33m│[0m [0m[0mThe plan was created with the -target option in effect, so some changes requested in the configuration may have been ignored and the output values may not be fully updated. Run the following command to verify that no other changes are pending:
[33m│[0m [0m    terraform plan
[33m│[0m [0m
[33m│[0m [0mNote that the -target option is not suitable for routine use, and is provided only for exceptional situations such as recovering from errors or mistakes, or when Terraform specifically suggests to use it as part of an error message.
[33m╵[0m[0m
[0m[1m[32m
Apply complete! Resources: 11 added, 0 changed, 0 destroyed.
[0m[0m[1m[32m
Outputs:

[0malb_arn = "arn:aws:elasticloadbalancing:us-west-2:<ACCOUNT_ID>:loadbalancer/app/mlops-api-alb/e48922b94a04da84"
alb_dns = "<ALB_DNS>"
alb_dns_name = "<ALB_DNS>"
alb_security_group_id = "<sg-id>"
bucket_arn = "arn:aws:s3:::nickelth-mlops-artifacts"
bucket_name = "nickelth-mlops-artifacts"
cluster_name = "mlops-api-cluster"
dynamodb_lock_table = "tf-lock"
ecr_image_uri = "<ECR_REGISTRY>/mlops-sklearn-portfolio:latest"
ecs_cluster_arn = "arn:aws:ecs:us-west-2:<ACCOUNT_ID>:cluster/mlops-api-cluster"
ecs_service_name = "mlops-api-svc"
log_group_name = "/mlops/api"
region = "us-west-2"
taskdef_arn = "arn:aws:ecs:us-west-2:<ACCOUNT_ID>:task-definition/mlops-sklearn-portfolio-task:3"
tasks_security_group_id = "<sg-id>"
tfstate_bucket = "nickelth-tfstate"
tg_arn = "arn:aws:elasticloadbalancing:us-west-2:<ACCOUNT_ID>:targetgroup/mlops-api-tg/4eecab19de56b011"
