[0m[1mmodule.ecs.data.aws_lb_target_group.api: Reading...[0m[0m
[0m[1mmodule.ecs.data.aws_iam_policy_document.ecs_task_assume: Reading...[0m[0m
[0m[1mmodule.network.data.aws_vpc.default: Reading...[0m[0m
[0m[1mmodule.ecs.aws_ecs_cluster.this: Refreshing state... [id=arn:aws:ecs:us-west-2:<ACCOUNT_ID>:cluster/mlops-api-cluster][0m
[0m[1mmodule.ecs.data.aws_cloudwatch_log_group.api: Reading...[0m[0m
[0m[1mmodule.ecs.data.aws_caller_identity.current: Reading...[0m[0m
[0m[1mmodule.ecs.data.aws_vpc.default: Reading...[0m[0m
[0m[1mmodule.ecs.data.aws_iam_policy_document.ecs_task_assume: Read complete after 0s [id=1077804475][0m
[0m[1mmodule.ecs.data.aws_caller_identity.current: Read complete after 0s [id=<ACCOUNT_ID>][0m
[0m[1mmodule.ecs.data.aws_cloudwatch_log_group.api: Read complete after 0s [id=/mlops/api][0m
[0m[1mmodule.ecs.aws_ecs_task_definition.api: Refreshing state... [id=mlops-sklearn-portfolio-task][0m
[0m[1mmodule.ecs.data.aws_lb_target_group.api: Read complete after 0s [id=arn:aws:elasticloadbalancing:us-west-2:<ACCOUNT_ID>:targetgroup/mlops-api-tg/4eecab19de56b011][0m
[0m[1mmodule.network.data.aws_vpc.default: Read complete after 0s [id=<vpc-id>][0m
[0m[1mmodule.network.aws_lb_target_group.api: Refreshing state... [id=arn:aws:elasticloadbalancing:us-west-2:<ACCOUNT_ID>:targetgroup/mlops-api-tg/4eecab19de56b011][0m
[0m[1mmodule.network.aws_security_group.tasks: Refreshing state... [id=<sg-id>][0m
[0m[1mmodule.ecs.data.aws_vpc.default: Read complete after 0s [id=<vpc-id>][0m
[0m[1mmodule.ecs.data.aws_subnets.default: Reading...[0m[0m
[0m[1mmodule.ecs.data.aws_subnets.default: Read complete after 0s [id=us-west-2][0m

[1m[36mNote:[0m[1m Objects have changed outside of Terraform
[0m
Terraform detected the following changes made outside of Terraform since the
last "terraform apply" which may have affected this plan:

[1m  # module.ecs.aws_ecs_cluster.this[0m has been deleted
[0m  [31m-[0m[0m resource "aws_ecs_cluster" "this" {
      [31m-[0m[0m arn      = "arn:aws:ecs:us-west-2:<ACCOUNT_ID>:cluster/mlops-api-cluster" [90m-> null[0m[0m
      [31m-[0m[0m id       = "arn:aws:ecs:us-west-2:<ACCOUNT_ID>:cluster/mlops-api-cluster" [90m-> null[0m[0m
      [31m-[0m[0m name     = "mlops-api-cluster" [90m-> null[0m[0m
        tags     = {
            "Project" = "mlops-sklearn-portfolio"
        }
        [90m# (1 unchanged attribute hidden)[0m[0m

        [90m# (1 unchanged block hidden)[0m[0m
    }


Unless you have made equivalent changes to your configuration, or ignored the
relevant attributes using ignore_changes, the following plan may include
actions to undo or respond to these changes.
[90m
─────────────────────────────────────────────────────────────────────────────[0m

Terraform used the selected providers to generate the following execution
plan. Resource actions are indicated with the following symbols:
  [32m+[0m create[0m
[31m-[0m/[32m+[0m destroy and then create replacement[0m

Terraform will perform the following actions:

[1m  # module.ecs.aws_ecs_cluster.this[0m will be created
[0m  [32m+[0m[0m resource "aws_ecs_cluster" "this" {
      [32m+[0m[0m arn      = (known after apply)
      [32m+[0m[0m id       = (known after apply)
      [32m+[0m[0m name     = "mlops-api-cluster"
      [32m+[0m[0m tags     = {
          [32m+[0m[0m "Project" = "mlops-sklearn-portfolio"
        }
      [32m+[0m[0m tags_all = {
          [32m+[0m[0m "Env"     = "dev"
          [32m+[0m[0m "Managed" = "terraform"
          [32m+[0m[0m "Project" = "mlops-sklearn-portfolio"
        }

      [32m+[0m[0m setting {
          [32m+[0m[0m name  = "containerInsights"
          [32m+[0m[0m value = "enabled"
        }
    }

[1m  # module.ecs.aws_ecs_service.api[0m will be created
[0m  [32m+[0m[0m resource "aws_ecs_service" "api" {
      [32m+[0m[0m availability_zone_rebalancing      = "DISABLED"
      [32m+[0m[0m cluster                            = (known after apply)
      [32m+[0m[0m deployment_maximum_percent         = 200
      [32m+[0m[0m deployment_minimum_healthy_percent = 100
      [32m+[0m[0m desired_count                      = 1
      [32m+[0m[0m enable_ecs_managed_tags            = false
      [32m+[0m[0m enable_execute_command             = false
      [32m+[0m[0m health_check_grace_period_seconds  = 60
      [32m+[0m[0m iam_role                           = (known after apply)
      [32m+[0m[0m id                                 = (known after apply)
      [32m+[0m[0m launch_type                        = "FARGATE"
      [32m+[0m[0m name                               = "mlops-api-svc"
      [32m+[0m[0m platform_version                   = (known after apply)
      [32m+[0m[0m propagate_tags                     = "SERVICE"
      [32m+[0m[0m scheduling_strategy                = "REPLICA"
      [32m+[0m[0m tags                               = {
          [32m+[0m[0m "Project" = "mlops-sklearn-portfolio"
        }
      [32m+[0m[0m tags_all                           = {
          [32m+[0m[0m "Env"     = "dev"
          [32m+[0m[0m "Managed" = "terraform"
          [32m+[0m[0m "Project" = "mlops-sklearn-portfolio"
        }
      [32m+[0m[0m task_definition                    = (known after apply)
      [32m+[0m[0m triggers                           = (known after apply)
      [32m+[0m[0m wait_for_steady_state              = false

      [32m+[0m[0m deployment_circuit_breaker {
          [32m+[0m[0m enable   = true
          [32m+[0m[0m rollback = true
        }

      [32m+[0m[0m load_balancer {
          [32m+[0m[0m container_name   = "api"
          [32m+[0m[0m container_port   = 8000
          [32m+[0m[0m target_group_arn = "arn:aws:elasticloadbalancing:us-west-2:<ACCOUNT_ID>:targetgroup/mlops-api-tg/4eecab19de56b011"
            [90m# (1 unchanged attribute hidden)[0m[0m
        }

      [32m+[0m[0m network_configuration {
          [32m+[0m[0m assign_public_ip = true
          [32m+[0m[0m security_groups  = [
              [32m+[0m[0m "<sg-id>",
            ]
          [32m+[0m[0m subnets          = [
              [32m+[0m[0m "<subnet-id>",
              [32m+[0m[0m "<subnet-id>",
              [32m+[0m[0m "<subnet-id>",
              [32m+[0m[0m "<subnet-id>",
            ]
        }
    }

[1m  # module.ecs.aws_ecs_task_definition.api[0m must be [1m[31mreplaced[0m
[0m[31m-[0m/[32m+[0m[0m resource "aws_ecs_task_definition" "api" {
      [33m~[0m[0m arn                      = "arn:aws:ecs:us-west-2:<ACCOUNT_ID>:task-definition/mlops-sklearn-portfolio-task:3" -> (known after apply)
      [33m~[0m[0m arn_without_revision     = "arn:aws:ecs:us-west-2:<ACCOUNT_ID>:task-definition/mlops-sklearn-portfolio-task" -> (known after apply)
      [33m~[0m[0m container_definitions    = jsonencode(
          [33m~[0m[0m [
              [33m~[0m[0m {
                  [31m-[0m[0m mountPoints      = []
                    name             = "api"
                  [31m-[0m[0m systemControls   = []
                  [31m-[0m[0m volumesFrom      = []
                    [90m# (5 unchanged attributes hidden)[0m[0m
                },
            ]
        )
      [33m~[0m[0m enable_fault_injection   = false -> (known after apply)
      [33m~[0m[0m execution_role_arn       = "arn:aws:iam::<ACCOUNT_ID>:role/mlops-ecsTaskExecutionRole" -> (known after apply) [31m# forces replacement[0m[0m
      [33m~[0m[0m id                       = "mlops-sklearn-portfolio-task" -> (known after apply)
      [33m~[0m[0m revision                 = 3 -> (known after apply)
      [31m-[0m[0m tags                     = {} [90m-> null[0m[0m
      [33m~[0m[0m task_role_arn            = "arn:aws:iam::<ACCOUNT_ID>:role/mlops-ecsTaskRole" -> (known after apply) [31m# forces replacement[0m[0m
        [90m# (10 unchanged attributes hidden)[0m[0m
    }

[1m  # module.ecs.aws_iam_policy.s3_get_model[0m will be created
[0m  [32m+[0m[0m resource "aws_iam_policy" "s3_get_model" {
      [32m+[0m[0m arn              = (known after apply)
      [32m+[0m[0m attachment_count = (known after apply)
      [32m+[0m[0m id               = (known after apply)
      [32m+[0m[0m name             = "mlops-sklearn-portfolio-ecs-s3-get-model"
      [32m+[0m[0m name_prefix      = (known after apply)
      [32m+[0m[0m path             = "/"
      [32m+[0m[0m policy           = jsonencode(
            {
              [32m+[0m[0m Statement = [
                  [32m+[0m[0m {
                      [32m+[0m[0m Action   = [
                          [32m+[0m[0m "s3:GetObject",
                        ]
                      [32m+[0m[0m Effect   = "Allow"
                      [32m+[0m[0m Resource = "arn:aws:s3:::nickelth-mlops-artifacts/mlops-sklearn-portfolio/models/latest/*"
                      [32m+[0m[0m Sid      = "GetModelObject"
                    },
                ]
              [32m+[0m[0m Version   = "2012-10-17"
            }
        )
      [32m+[0m[0m policy_id        = (known after apply)
      [32m+[0m[0m tags_all         = {
          [32m+[0m[0m "Env"     = "dev"
          [32m+[0m[0m "Managed" = "terraform"
          [32m+[0m[0m "Project" = "mlops-sklearn-portfolio"
        }
    }

[1m  # module.ecs.aws_iam_role.ecs_task_execution[0m will be created
[0m  [32m+[0m[0m resource "aws_iam_role" "ecs_task_execution" {
      [32m+[0m[0m arn                   = (known after apply)
      [32m+[0m[0m assume_role_policy    = jsonencode(
            {
              [32m+[0m[0m Statement = [
                  [32m+[0m[0m {
                      [32m+[0m[0m Action    = "sts:AssumeRole"
                      [32m+[0m[0m Effect    = "Allow"
                      [32m+[0m[0m Principal = {
                          [32m+[0m[0m Service = "ecs-tasks.amazonaws.com"
                        }
                    },
                ]
              [32m+[0m[0m Version   = "2012-10-17"
            }
        )
      [32m+[0m[0m create_date           = (known after apply)
      [32m+[0m[0m force_detach_policies = false
      [32m+[0m[0m id                    = (known after apply)
      [32m+[0m[0m managed_policy_arns   = (known after apply)
      [32m+[0m[0m max_session_duration  = 3600
      [32m+[0m[0m name                  = "mlops-ecsTaskExecutionRole"
      [32m+[0m[0m name_prefix           = (known after apply)
      [32m+[0m[0m path                  = "/"
      [32m+[0m[0m tags_all              = {
          [32m+[0m[0m "Env"     = "dev"
          [32m+[0m[0m "Managed" = "terraform"
          [32m+[0m[0m "Project" = "mlops-sklearn-portfolio"
        }
      [32m+[0m[0m unique_id             = (known after apply)

      [32m+[0m[0m inline_policy (known after apply)
    }

[1m  # module.ecs.aws_iam_role.ecs_task_role[0m will be created
[0m  [32m+[0m[0m resource "aws_iam_role" "ecs_task_role" {
      [32m+[0m[0m arn                   = (known after apply)
      [32m+[0m[0m assume_role_policy    = jsonencode(
            {
              [32m+[0m[0m Statement = [
                  [32m+[0m[0m {
                      [32m+[0m[0m Action    = "sts:AssumeRole"
                      [32m+[0m[0m Effect    = "Allow"
                      [32m+[0m[0m Principal = {
                          [32m+[0m[0m Service = "ecs-tasks.amazonaws.com"
                        }
                    },
                ]
              [32m+[0m[0m Version   = "2012-10-17"
            }
        )
      [32m+[0m[0m create_date           = (known after apply)
      [32m+[0m[0m force_detach_policies = false
      [32m+[0m[0m id                    = (known after apply)
      [32m+[0m[0m managed_policy_arns   = (known after apply)
      [32m+[0m[0m max_session_duration  = 3600
      [32m+[0m[0m name                  = "mlops-ecsTaskRole"
      [32m+[0m[0m name_prefix           = (known after apply)
      [32m+[0m[0m path                  = "/"
      [32m+[0m[0m tags_all              = {
          [32m+[0m[0m "Env"     = "dev"
          [32m+[0m[0m "Managed" = "terraform"
          [32m+[0m[0m "Project" = "mlops-sklearn-portfolio"
        }
      [32m+[0m[0m unique_id             = (known after apply)

      [32m+[0m[0m inline_policy (known after apply)
    }

[1m  # module.ecs.aws_iam_role_policy_attachment.ecs_task_exec_attach[0m will be created
[0m  [32m+[0m[0m resource "aws_iam_role_policy_attachment" "ecs_task_exec_attach" {
      [32m+[0m[0m id         = (known after apply)
      [32m+[0m[0m policy_arn = "arn:aws:iam::aws:policy/service-role/AmazonECSTaskExecutionRolePolicy"
      [32m+[0m[0m role       = "mlops-ecsTaskExecutionRole"
    }

[1m  # module.ecs.aws_iam_role_policy_attachment.task_s3_attach[0m will be created
[0m  [32m+[0m[0m resource "aws_iam_role_policy_attachment" "task_s3_attach" {
      [32m+[0m[0m id         = (known after apply)
      [32m+[0m[0m policy_arn = (known after apply)
      [32m+[0m[0m role       = "mlops-ecsTaskRole"
    }

[1mPlan:[0m 8 to add, 0 to change, 1 to destroy.
[0m
Changes to Outputs:
  [33m~[0m[0m ecs_cluster_arn         = "arn:aws:ecs:us-west-2:<ACCOUNT_ID>:cluster/mlops-api-cluster" -> (known after apply)
  [33m~[0m[0m taskdef_arn             = "arn:aws:ecs:us-west-2:<ACCOUNT_ID>:task-definition/mlops-sklearn-portfolio-task:3" -> (known after apply)
[0m[1mmodule.ecs.aws_ecs_task_definition.api: Destroying... [id=mlops-sklearn-portfolio-task][0m[0m
[0m[1mmodule.ecs.aws_iam_policy.s3_get_model: Creating...[0m[0m
[0m[1mmodule.ecs.aws_ecs_cluster.this: Creating...[0m[0m
[0m[1mmodule.ecs.aws_ecs_task_definition.api: Destruction complete after 0s[0m
[0m[1mmodule.ecs.aws_iam_role.ecs_task_role: Creating...[0m[0m
[0m[1mmodule.ecs.aws_iam_role.ecs_task_execution: Creating...[0m[0m
[0m[1mmodule.ecs.aws_iam_policy.s3_get_model: Creation complete after 1s [id=arn:aws:iam::<ACCOUNT_ID>:policy/mlops-sklearn-portfolio-ecs-s3-get-model][0m
[0m[1mmodule.ecs.aws_iam_role.ecs_task_role: Creation complete after 1s [id=mlops-ecsTaskRole][0m
[0m[1mmodule.ecs.aws_iam_role_policy_attachment.task_s3_attach: Creating...[0m[0m
[0m[1mmodule.ecs.aws_iam_role.ecs_task_execution: Creation complete after 1s [id=mlops-ecsTaskExecutionRole][0m
[0m[1mmodule.ecs.aws_iam_role_policy_attachment.ecs_task_exec_attach: Creating...[0m[0m
[0m[1mmodule.ecs.aws_ecs_task_definition.api: Creating...[0m[0m
[0m[1mmodule.ecs.aws_ecs_task_definition.api: Creation complete after 0s [id=mlops-sklearn-portfolio-task][0m
[0m[1mmodule.ecs.aws_iam_role_policy_attachment.task_s3_attach: Creation complete after 0s [id=mlops-ecsTaskRole-20251004081239718900000001][0m
[0m[1mmodule.ecs.aws_iam_role_policy_attachment.ecs_task_exec_attach: Creation complete after 0s [id=mlops-ecsTaskExecutionRole-20251004081239760100000002][0m
[0m[1mmodule.ecs.aws_ecs_cluster.this: Still creating... [00m10s elapsed][0m[0m
[0m[1mmodule.ecs.aws_ecs_cluster.this: Creation complete after 10s [id=arn:aws:ecs:us-west-2:<ACCOUNT_ID>:cluster/mlops-api-cluster][0m
[0m[1mmodule.ecs.aws_ecs_service.api: Creating...[0m[0m
[0m[1mmodule.ecs.aws_ecs_service.api: Creation complete after 1s [id=arn:aws:ecs:us-west-2:<ACCOUNT_ID>:service/mlops-api-cluster/mlops-api-svc][0m
[33m╷[0m[0m
[33m│[0m [0m[1m[33mWarning: [0m[0m[1mResource targeting is in effect[0m
[33m│[0m [0m
[33m│[0m [0m[0mYou are creating a plan with the -target option, which means that the result of this plan may not represent all of the changes requested by the current configuration.
[33m│[0m [0m
[33m│[0m [0mThe -target option is not for routine use, and is provided only for exceptional situations such as recovering from errors or mistakes, or when Terraform specifically suggests to use it as part of an error message.
[33m╵[0m[0m
[33m╷[0m[0m
[33m│[0m [0m[1m[33mWarning: [0m[0m[1mApplied changes may be incomplete[0m
[33m│[0m [0m
[33m│[0m [0m[0mThe plan was created with the -target option in effect, so some changes requested in the configuration may have been ignored and the output values may not be fully updated. Run the following command to verify that no other changes are pending:
[33m│[0m [0m    terraform plan
[33m│[0m [0m
[33m│[0m [0mNote that the -target option is not suitable for routine use, and is provided only for exceptional situations such as recovering from errors or mistakes, or when Terraform specifically suggests to use it as part of an error message.
[33m╵[0m[0m
[0m[1m[32m
Apply complete! Resources: 8 added, 0 changed, 1 destroyed.
[0m[0m[1m[32m
Outputs:

[0malb_arn = "arn:aws:elasticloadbalancing:us-west-2:<ACCOUNT_ID>:loadbalancer/app/mlops-api-alb/e48922b94a04da84"
alb_dns = "<ALB_DNS>"
alb_dns_name = "<ALB_DNS>"
bucket_arn = "arn:aws:s3:::nickelth-mlops-artifacts"
bucket_name = "nickelth-mlops-artifacts"
cluster_name = "mlops-api-cluster"
dynamodb_lock_table = "tf-lock"
ecr_image_uri = "<ECR_REGISTRY>/mlops-sklearn-portfolio:latest"
ecs_cluster_arn = "arn:aws:ecs:us-west-2:<ACCOUNT_ID>:cluster/mlops-api-cluster"
ecs_service_name = "mlops-api-svc"
log_group_name = "/mlops/api"
region = "us-west-2"
taskdef_arn = "arn:aws:ecs:us-west-2:<ACCOUNT_ID>:task-definition/mlops-sklearn-portfolio-task:4"
tasks_security_group_id = "<sg-id>"
tfstate_bucket = "nickelth-tfstate"
